// !$*UTF8*$!
{
	archiveVersion = 1;
	classes = {
	};
	objectVersion = 51;
	objects = {

/* Begin PBXBuildFile section */
		8B547E303B930B2CADD18E55 /* Pods_GemographyRepoApp.framework in Frameworks */ = {isa = PBXBuildFile; fileRef = 5907ECEE380C273CE2FAF59D /* Pods_GemographyRepoApp.framework */; };
		CE217FD524E6F16D008424F3 /* NetworkManager.swift in Sources */ = {isa = PBXBuildFile; fileRef = CE217FD424E6F16D008424F3 /* NetworkManager.swift */; };
		CE217FD724E6F429008424F3 /* Formatter+ISO8601.swift in Sources */ = {isa = PBXBuildFile; fileRef = CE217FD624E6F429008424F3 /* Formatter+ISO8601.swift */; };
		CE217FD924E6FA6F008424F3 /* NetworkManagerInjector.swift in Sources */ = {isa = PBXBuildFile; fileRef = CE217FD824E6FA6F008424F3 /* NetworkManagerInjector.swift */; };
		CE217FDC24E6FC55008424F3 /* HTTPRoutable.swift in Sources */ = {isa = PBXBuildFile; fileRef = CE217FDB24E6FC55008424F3 /* HTTPRoutable.swift */; };
		CE217FDE24E6FEAA008424F3 /* RepositoryRouter.swift in Sources */ = {isa = PBXBuildFile; fileRef = CE217FDD24E6FEAA008424F3 /* RepositoryRouter.swift */; };
		CE217FE024E700A1008424F3 /* AppConstants.swift in Sources */ = {isa = PBXBuildFile; fileRef = CE217FDF24E700A1008424F3 /* AppConstants.swift */; };
		CE217FE224E70701008424F3 /* Date+toString.swift in Sources */ = {isa = PBXBuildFile; fileRef = CE217FE124E70701008424F3 /* Date+toString.swift */; };
		CE217FE924E77F32008424F3 /* RepositoriesListViewModel.swift in Sources */ = {isa = PBXBuildFile; fileRef = CE217FE824E77F32008424F3 /* RepositoriesListViewModel.swift */; };
		CE217FEB24E7870D008424F3 /* ViewModelable.swift in Sources */ = {isa = PBXBuildFile; fileRef = CE217FEA24E7870D008424F3 /* ViewModelable.swift */; };
		CE217FED24E7878D008424F3 /* ViewModelDelegate.swift in Sources */ = {isa = PBXBuildFile; fileRef = CE217FEC24E7878D008424F3 /* ViewModelDelegate.swift */; };
		CE6E7DD524E78B9800BF55CD /* RepositoriesListTableViewController+ViewModelDelegate.swift in Sources */ = {isa = PBXBuildFile; fileRef = CE6E7DD424E78B9800BF55CD /* RepositoriesListTableViewController+ViewModelDelegate.swift */; };
		CE6E7DD724E78D8800BF55CD /* UIViewController+ActivityIndicator.swift in Sources */ = {isa = PBXBuildFile; fileRef = CE6E7DD624E78D8800BF55CD /* UIViewController+ActivityIndicator.swift */; };
		CE6E7DDA24EAA01C00BF55CD /* RepositoryService.swift in Sources */ = {isa = PBXBuildFile; fileRef = CE6E7DD924EAA01C00BF55CD /* RepositoryService.swift */; };
		CE6E7DDC24EAE79600BF55CD /* UIImageView+URL.swift in Sources */ = {isa = PBXBuildFile; fileRef = CE6E7DDB24EAE79600BF55CD /* UIImageView+URL.swift */; };
		CE6E7DDE24EAE97500BF55CD /* UIView+Round.swift in Sources */ = {isa = PBXBuildFile; fileRef = CE6E7DDD24EAE97500BF55CD /* UIView+Round.swift */; };
		CE6E7DE024EAEBFE00BF55CD /* Int+DividedByK.swift in Sources */ = {isa = PBXBuildFile; fileRef = CE6E7DDF24EAEBFE00BF55CD /* Int+DividedByK.swift */; };
		CE6E7DE224EAF8DF00BF55CD /* APIError.swift in Sources */ = {isa = PBXBuildFile; fileRef = CE6E7DE124EAF8DF00BF55CD /* APIError.swift */; };
		CE72242F24E5B859007BE4B7 /* AppDelegate.swift in Sources */ = {isa = PBXBuildFile; fileRef = CE72242E24E5B859007BE4B7 /* AppDelegate.swift */; };
		CE72243124E5B859007BE4B7 /* SceneDelegate.swift in Sources */ = {isa = PBXBuildFile; fileRef = CE72243024E5B859007BE4B7 /* SceneDelegate.swift */; };
		CE72243624E5B859007BE4B7 /* Main.storyboard in Resources */ = {isa = PBXBuildFile; fileRef = CE72243424E5B859007BE4B7 /* Main.storyboard */; };
		CE72243824E5B85D007BE4B7 /* Assets.xcassets in Resources */ = {isa = PBXBuildFile; fileRef = CE72243724E5B85D007BE4B7 /* Assets.xcassets */; };
		CE72243B24E5B85D007BE4B7 /* LaunchScreen.storyboard in Resources */ = {isa = PBXBuildFile; fileRef = CE72243924E5B85D007BE4B7 /* LaunchScreen.storyboard */; };
		CE72244624E5B85D007BE4B7 /* GemographyRepoAppTests.swift in Sources */ = {isa = PBXBuildFile; fileRef = CE72244524E5B85D007BE4B7 /* GemographyRepoAppTests.swift */; };
		CE72245C24E5F2E1007BE4B7 /* Repository.swift in Sources */ = {isa = PBXBuildFile; fileRef = CE72245A24E5F2E1007BE4B7 /* Repository.swift */; };
		CE72245D24E5F2E1007BE4B7 /* Owner.swift in Sources */ = {isa = PBXBuildFile; fileRef = CE72245B24E5F2E1007BE4B7 /* Owner.swift */; };
		CE72246F24E6B4FB007BE4B7 /* CustomRefreshControl.swift in Sources */ = {isa = PBXBuildFile; fileRef = CE72246E24E6B4FA007BE4B7 /* CustomRefreshControl.swift */; };
		CE72247224E6B580007BE4B7 /* RepositoryTableViewCell.swift in Sources */ = {isa = PBXBuildFile; fileRef = CE72247124E6B580007BE4B7 /* RepositoryTableViewCell.swift */; };
		CE72247424E6B6B5007BE4B7 /* RepositoriesListTableViewController.swift in Sources */ = {isa = PBXBuildFile; fileRef = CE72247324E6B6B5007BE4B7 /* RepositoriesListTableViewController.swift */; };
		CE72247724E6B800007BE4B7 /* RepositoryScreens.storyboard in Resources */ = {isa = PBXBuildFile; fileRef = CE72247624E6B800007BE4B7 /* RepositoryScreens.storyboard */; };
		CE72247A24E6BEB9007BE4B7 /* RepositoryDataSource.swift in Sources */ = {isa = PBXBuildFile; fileRef = CE72247924E6BEB9007BE4B7 /* RepositoryDataSource.swift */; };
		CE72247E24E6C694007BE4B7 /* Observer.swift in Sources */ = {isa = PBXBuildFile; fileRef = CE72247D24E6C694007BE4B7 /* Observer.swift */; };
		CE72248024E6DA12007BE4B7 /* GenericDataSource.swift in Sources */ = {isa = PBXBuildFile; fileRef = CE72247F24E6DA12007BE4B7 /* GenericDataSource.swift */; };
		CE72248324E6E1BB007BE4B7 /* UITableView+Cells.swift in Sources */ = {isa = PBXBuildFile; fileRef = CE72248224E6E1BB007BE4B7 /* UITableView+Cells.swift */; };
		CE72248524E6E22D007BE4B7 /* UITableViewCell+storyboardID.swift in Sources */ = {isa = PBXBuildFile; fileRef = CE72248424E6E22D007BE4B7 /* UITableViewCell+storyboardID.swift */; };
		CE72248724E6E9AF007BE4B7 /* SettingsScreen.storyboard in Resources */ = {isa = PBXBuildFile; fileRef = CE72248624E6E9AF007BE4B7 /* SettingsScreen.storyboard */; };
		F101281EEE8018B704A9D798 /* Pods_GemographyRepoAppTests.framework in Frameworks */ = {isa = PBXBuildFile; fileRef = BF8D95B7B158A968A01CBCA7 /* Pods_GemographyRepoAppTests.framework */; };
/* End PBXBuildFile section */

/* Begin PBXContainerItemProxy section */
		CE72244224E5B85D007BE4B7 /* PBXContainerItemProxy */ = {
			isa = PBXContainerItemProxy;
			containerPortal = CE72242324E5B859007BE4B7 /* Project object */;
			proxyType = 1;
			remoteGlobalIDString = CE72242A24E5B859007BE4B7;
			remoteInfo = GemographyRepoApp;
		};
/* End PBXContainerItemProxy section */

/* Begin PBXFileReference section */
		3DEA5453B2CF95FF35A7F299 /* Pods-GemographyRepoApp.debug.xcconfig */ = {isa = PBXFileReference; includeInIndex = 1; lastKnownFileType = text.xcconfig; name = "Pods-GemographyRepoApp.debug.xcconfig"; path = "Target Support Files/Pods-GemographyRepoApp/Pods-GemographyRepoApp.debug.xcconfig"; sourceTree = "<group>"; };
		5907ECEE380C273CE2FAF59D /* Pods_GemographyRepoApp.framework */ = {isa = PBXFileReference; explicitFileType = wrapper.framework; includeInIndex = 0; path = Pods_GemographyRepoApp.framework; sourceTree = BUILT_PRODUCTS_DIR; };
		BF8D95B7B158A968A01CBCA7 /* Pods_GemographyRepoAppTests.framework */ = {isa = PBXFileReference; explicitFileType = wrapper.framework; includeInIndex = 0; path = Pods_GemographyRepoAppTests.framework; sourceTree = BUILT_PRODUCTS_DIR; };
		C980DF56334D3082E8523274 /* Pods-GemographyRepoAppTests.debug.xcconfig */ = {isa = PBXFileReference; includeInIndex = 1; lastKnownFileType = text.xcconfig; name = "Pods-GemographyRepoAppTests.debug.xcconfig"; path = "Target Support Files/Pods-GemographyRepoAppTests/Pods-GemographyRepoAppTests.debug.xcconfig"; sourceTree = "<group>"; };
		CE217FD424E6F16D008424F3 /* NetworkManager.swift */ = {isa = PBXFileReference; lastKnownFileType = sourcecode.swift; path = NetworkManager.swift; sourceTree = "<group>"; };
		CE217FD624E6F429008424F3 /* Formatter+ISO8601.swift */ = {isa = PBXFileReference; lastKnownFileType = sourcecode.swift; path = "Formatter+ISO8601.swift"; sourceTree = "<group>"; };
		CE217FD824E6FA6F008424F3 /* NetworkManagerInjector.swift */ = {isa = PBXFileReference; lastKnownFileType = sourcecode.swift; path = NetworkManagerInjector.swift; sourceTree = "<group>"; };
		CE217FDB24E6FC55008424F3 /* HTTPRoutable.swift */ = {isa = PBXFileReference; lastKnownFileType = sourcecode.swift; path = HTTPRoutable.swift; sourceTree = "<group>"; };
		CE217FDD24E6FEAA008424F3 /* RepositoryRouter.swift */ = {isa = PBXFileReference; lastKnownFileType = sourcecode.swift; path = RepositoryRouter.swift; sourceTree = "<group>"; };
		CE217FDF24E700A1008424F3 /* AppConstants.swift */ = {isa = PBXFileReference; lastKnownFileType = sourcecode.swift; path = AppConstants.swift; sourceTree = "<group>"; };
		CE217FE124E70701008424F3 /* Date+toString.swift */ = {isa = PBXFileReference; lastKnownFileType = sourcecode.swift; path = "Date+toString.swift"; sourceTree = "<group>"; };
		CE217FE824E77F32008424F3 /* RepositoriesListViewModel.swift */ = {isa = PBXFileReference; lastKnownFileType = sourcecode.swift; path = RepositoriesListViewModel.swift; sourceTree = "<group>"; };
		CE217FEA24E7870D008424F3 /* ViewModelable.swift */ = {isa = PBXFileReference; lastKnownFileType = sourcecode.swift; path = ViewModelable.swift; sourceTree = "<group>"; };
		CE217FEC24E7878D008424F3 /* ViewModelDelegate.swift */ = {isa = PBXFileReference; lastKnownFileType = sourcecode.swift; path = ViewModelDelegate.swift; sourceTree = "<group>"; };
		CE6E7DD424E78B9800BF55CD /* RepositoriesListTableViewController+ViewModelDelegate.swift */ = {isa = PBXFileReference; lastKnownFileType = sourcecode.swift; path = "RepositoriesListTableViewController+ViewModelDelegate.swift"; sourceTree = "<group>"; };
		CE6E7DD624E78D8800BF55CD /* UIViewController+ActivityIndicator.swift */ = {isa = PBXFileReference; lastKnownFileType = sourcecode.swift; path = "UIViewController+ActivityIndicator.swift"; sourceTree = "<group>"; };
		CE6E7DD924EAA01C00BF55CD /* RepositoryService.swift */ = {isa = PBXFileReference; lastKnownFileType = sourcecode.swift; path = RepositoryService.swift; sourceTree = "<group>"; };
		CE6E7DDB24EAE79600BF55CD /* UIImageView+URL.swift */ = {isa = PBXFileReference; lastKnownFileType = sourcecode.swift; path = "UIImageView+URL.swift"; sourceTree = "<group>"; };
		CE6E7DDD24EAE97500BF55CD /* UIView+Round.swift */ = {isa = PBXFileReference; lastKnownFileType = sourcecode.swift; path = "UIView+Round.swift"; sourceTree = "<group>"; };
		CE6E7DDF24EAEBFE00BF55CD /* Int+DividedByK.swift */ = {isa = PBXFileReference; lastKnownFileType = sourcecode.swift; path = "Int+DividedByK.swift"; sourceTree = "<group>"; };
		CE6E7DE124EAF8DF00BF55CD /* APIError.swift */ = {isa = PBXFileReference; lastKnownFileType = sourcecode.swift; path = APIError.swift; sourceTree = "<group>"; };
		CE72242B24E5B859007BE4B7 /* GemographyRepoApp.app */ = {isa = PBXFileReference; explicitFileType = wrapper.application; includeInIndex = 0; path = GemographyRepoApp.app; sourceTree = BUILT_PRODUCTS_DIR; };
		CE72242E24E5B859007BE4B7 /* AppDelegate.swift */ = {isa = PBXFileReference; lastKnownFileType = sourcecode.swift; path = AppDelegate.swift; sourceTree = "<group>"; };
		CE72243024E5B859007BE4B7 /* SceneDelegate.swift */ = {isa = PBXFileReference; lastKnownFileType = sourcecode.swift; path = SceneDelegate.swift; sourceTree = "<group>"; };
		CE72243524E5B859007BE4B7 /* Base */ = {isa = PBXFileReference; lastKnownFileType = file.storyboard; name = Base; path = Base.lproj/Main.storyboard; sourceTree = "<group>"; };
		CE72243724E5B85D007BE4B7 /* Assets.xcassets */ = {isa = PBXFileReference; lastKnownFileType = folder.assetcatalog; path = Assets.xcassets; sourceTree = "<group>"; };
		CE72243A24E5B85D007BE4B7 /* Base */ = {isa = PBXFileReference; lastKnownFileType = file.storyboard; name = Base; path = Base.lproj/LaunchScreen.storyboard; sourceTree = "<group>"; };
		CE72243C24E5B85D007BE4B7 /* Info.plist */ = {isa = PBXFileReference; lastKnownFileType = text.plist.xml; path = Info.plist; sourceTree = "<group>"; };
		CE72244124E5B85D007BE4B7 /* GemographyRepoAppTests.xctest */ = {isa = PBXFileReference; explicitFileType = wrapper.cfbundle; includeInIndex = 0; path = GemographyRepoAppTests.xctest; sourceTree = BUILT_PRODUCTS_DIR; };
		CE72244524E5B85D007BE4B7 /* GemographyRepoAppTests.swift */ = {isa = PBXFileReference; lastKnownFileType = sourcecode.swift; path = GemographyRepoAppTests.swift; sourceTree = "<group>"; };
		CE72244724E5B85D007BE4B7 /* Info.plist */ = {isa = PBXFileReference; lastKnownFileType = text.plist.xml; path = Info.plist; sourceTree = "<group>"; };
		CE72245A24E5F2E1007BE4B7 /* Repository.swift */ = {isa = PBXFileReference; fileEncoding = 4; lastKnownFileType = sourcecode.swift; path = Repository.swift; sourceTree = "<group>"; };
		CE72245B24E5F2E1007BE4B7 /* Owner.swift */ = {isa = PBXFileReference; fileEncoding = 4; lastKnownFileType = sourcecode.swift; path = Owner.swift; sourceTree = "<group>"; };
		CE72246E24E6B4FA007BE4B7 /* CustomRefreshControl.swift */ = {isa = PBXFileReference; lastKnownFileType = sourcecode.swift; path = CustomRefreshControl.swift; sourceTree = "<group>"; };
		CE72247124E6B580007BE4B7 /* RepositoryTableViewCell.swift */ = {isa = PBXFileReference; lastKnownFileType = sourcecode.swift; path = RepositoryTableViewCell.swift; sourceTree = "<group>"; };
		CE72247324E6B6B5007BE4B7 /* RepositoriesListTableViewController.swift */ = {isa = PBXFileReference; lastKnownFileType = sourcecode.swift; path = RepositoriesListTableViewController.swift; sourceTree = "<group>"; };
		CE72247624E6B800007BE4B7 /* RepositoryScreens.storyboard */ = {isa = PBXFileReference; lastKnownFileType = file.storyboard; path = RepositoryScreens.storyboard; sourceTree = "<group>"; };
		CE72247924E6BEB9007BE4B7 /* RepositoryDataSource.swift */ = {isa = PBXFileReference; lastKnownFileType = sourcecode.swift; path = RepositoryDataSource.swift; sourceTree = "<group>"; };
		CE72247D24E6C694007BE4B7 /* Observer.swift */ = {isa = PBXFileReference; lastKnownFileType = sourcecode.swift; path = Observer.swift; sourceTree = "<group>"; };
		CE72247F24E6DA12007BE4B7 /* GenericDataSource.swift */ = {isa = PBXFileReference; lastKnownFileType = sourcecode.swift; path = GenericDataSource.swift; sourceTree = "<group>"; };
		CE72248224E6E1BB007BE4B7 /* UITableView+Cells.swift */ = {isa = PBXFileReference; lastKnownFileType = sourcecode.swift; path = "UITableView+Cells.swift"; sourceTree = "<group>"; };
		CE72248424E6E22D007BE4B7 /* UITableViewCell+storyboardID.swift */ = {isa = PBXFileReference; lastKnownFileType = sourcecode.swift; path = "UITableViewCell+storyboardID.swift"; sourceTree = "<group>"; };
		CE72248624E6E9AF007BE4B7 /* SettingsScreen.storyboard */ = {isa = PBXFileReference; lastKnownFileType = file.storyboard; path = SettingsScreen.storyboard; sourceTree = "<group>"; };
		D21D43162AE7B17FE62B261F /* Pods-GemographyRepoApp.release.xcconfig */ = {isa = PBXFileReference; includeInIndex = 1; lastKnownFileType = text.xcconfig; name = "Pods-GemographyRepoApp.release.xcconfig"; path = "Target Support Files/Pods-GemographyRepoApp/Pods-GemographyRepoApp.release.xcconfig"; sourceTree = "<group>"; };
		D21E80423D3DDD4822F4E926 /* Pods-GemographyRepoAppTests.release.xcconfig */ = {isa = PBXFileReference; includeInIndex = 1; lastKnownFileType = text.xcconfig; name = "Pods-GemographyRepoAppTests.release.xcconfig"; path = "Target Support Files/Pods-GemographyRepoAppTests/Pods-GemographyRepoAppTests.release.xcconfig"; sourceTree = "<group>"; };
/* End PBXFileReference section */

/* Begin PBXFrameworksBuildPhase section */
		CE72242824E5B859007BE4B7 /* Frameworks */ = {
			isa = PBXFrameworksBuildPhase;
			buildActionMask = 2147483647;
			files = (
				8B547E303B930B2CADD18E55 /* Pods_GemographyRepoApp.framework in Frameworks */,
			);
			runOnlyForDeploymentPostprocessing = 0;
		};
		CE72243E24E5B85D007BE4B7 /* Frameworks */ = {
			isa = PBXFrameworksBuildPhase;
			buildActionMask = 2147483647;
			files = (
				F101281EEE8018B704A9D798 /* Pods_GemographyRepoAppTests.framework in Frameworks */,
			);
			runOnlyForDeploymentPostprocessing = 0;
		};
/* End PBXFrameworksBuildPhase section */

/* Begin PBXGroup section */
		86053B365A04E12753195A6B /* Frameworks */ = {
			isa = PBXGroup;
			children = (
				5907ECEE380C273CE2FAF59D /* Pods_GemographyRepoApp.framework */,
				BF8D95B7B158A968A01CBCA7 /* Pods_GemographyRepoAppTests.framework */,
			);
			name = Frameworks;
			sourceTree = "<group>";
		};
		9637A37B172AF2AFFED09C80 /* Pods */ = {
			isa = PBXGroup;
			children = (
				3DEA5453B2CF95FF35A7F299 /* Pods-GemographyRepoApp.debug.xcconfig */,
				D21D43162AE7B17FE62B261F /* Pods-GemographyRepoApp.release.xcconfig */,
				C980DF56334D3082E8523274 /* Pods-GemographyRepoAppTests.debug.xcconfig */,
				D21E80423D3DDD4822F4E926 /* Pods-GemographyRepoAppTests.release.xcconfig */,
			);
			path = Pods;
			sourceTree = "<group>";
		};
		CE217FD324E6F158008424F3 /* NetworkManager */ = {
			isa = PBXGroup;
			children = (
				CE217FD424E6F16D008424F3 /* NetworkManager.swift */,
				CE217FD824E6FA6F008424F3 /* NetworkManagerInjector.swift */,
				CE6E7DE124EAF8DF00BF55CD /* APIError.swift */,
			);
			path = NetworkManager;
			sourceTree = "<group>";
		};
		CE217FDA24E6FBD9008424F3 /* HttpRouters */ = {
			isa = PBXGroup;
			children = (
				CE217FDB24E6FC55008424F3 /* HTTPRoutable.swift */,
				CE217FDD24E6FEAA008424F3 /* RepositoryRouter.swift */,
			);
			path = HttpRouters;
			sourceTree = "<group>";
		};
		CE217FE424E77C27008424F3 /* Structs */ = {
			isa = PBXGroup;
			children = (
				CE72245A24E5F2E1007BE4B7 /* Repository.swift */,
				CE72245B24E5F2E1007BE4B7 /* Owner.swift */,
			);
			path = Structs;
			sourceTree = "<group>";
		};
		CE217FE724E77EFF008424F3 /* ViewModels */ = {
			isa = PBXGroup;
			children = (
				CE217FE824E77F32008424F3 /* RepositoriesListViewModel.swift */,
				CE217FEA24E7870D008424F3 /* ViewModelable.swift */,
				CE217FEC24E7878D008424F3 /* ViewModelDelegate.swift */,
			);
			path = ViewModels;
			sourceTree = "<group>";
		};
		CE6E7DD824EAA00400BF55CD /* Services */ = {
			isa = PBXGroup;
			children = (
				CE6E7DD924EAA01C00BF55CD /* RepositoryService.swift */,
			);
			path = Services;
			sourceTree = "<group>";
		};
		CE72242224E5B859007BE4B7 = {
			isa = PBXGroup;
			children = (
				CE72242D24E5B859007BE4B7 /* GemographyRepoApp */,
				CE72244424E5B85D007BE4B7 /* GemographyRepoAppTests */,
				CE72242C24E5B859007BE4B7 /* Products */,
				9637A37B172AF2AFFED09C80 /* Pods */,
				86053B365A04E12753195A6B /* Frameworks */,
			);
			sourceTree = "<group>";
		};
		CE72242C24E5B859007BE4B7 /* Products */ = {
			isa = PBXGroup;
			children = (
				CE72242B24E5B859007BE4B7 /* GemographyRepoApp.app */,
				CE72244124E5B85D007BE4B7 /* GemographyRepoAppTests.xctest */,
			);
			name = Products;
			sourceTree = "<group>";
		};
		CE72242D24E5B859007BE4B7 /* GemographyRepoApp */ = {
			isa = PBXGroup;
			children = (
				CE217FE724E77EFF008424F3 /* ViewModels */,
				CE72247B24E6C65A007BE4B7 /* Helpers */,
				CE72245E24E5F740007BE4B7 /* Views */,
				CE72245924E5F2E1007BE4B7 /* Models */,
				CE72242E24E5B859007BE4B7 /* AppDelegate.swift */,
				CE72243024E5B859007BE4B7 /* SceneDelegate.swift */,
				CE72243724E5B85D007BE4B7 /* Assets.xcassets */,
				CE72243C24E5B85D007BE4B7 /* Info.plist */,
			);
			path = GemographyRepoApp;
			sourceTree = "<group>";
		};
		CE72244424E5B85D007BE4B7 /* GemographyRepoAppTests */ = {
			isa = PBXGroup;
			children = (
				CE72244524E5B85D007BE4B7 /* GemographyRepoAppTests.swift */,
				CE72244724E5B85D007BE4B7 /* Info.plist */,
			);
			path = GemographyRepoAppTests;
			sourceTree = "<group>";
		};
		CE72245924E5F2E1007BE4B7 /* Models */ = {
			isa = PBXGroup;
			children = (
				CE6E7DD824EAA00400BF55CD /* Services */,
				CE217FE424E77C27008424F3 /* Structs */,
				CE217FDA24E6FBD9008424F3 /* HttpRouters */,
				CE217FD324E6F158008424F3 /* NetworkManager */,
			);
			path = Models;
			sourceTree = "<group>";
		};
		CE72245E24E5F740007BE4B7 /* Views */ = {
			isa = PBXGroup;
			children = (
				CE72246924E6B36A007BE4B7 /* Components */,
				CE72247824E6BE66007BE4B7 /* ViewDataSource */,
				CE72247524E6B712007BE4B7 /* ViewControllers */,
				CE72245F24E5F74F007BE4B7 /* Storyboards */,
			);
			path = Views;
			sourceTree = "<group>";
		};
		CE72245F24E5F74F007BE4B7 /* Storyboards */ = {
			isa = PBXGroup;
			children = (
				CE72243424E5B859007BE4B7 /* Main.storyboard */,
				CE72243924E5B85D007BE4B7 /* LaunchScreen.storyboard */,
				CE72247624E6B800007BE4B7 /* RepositoryScreens.storyboard */,
				CE72248624E6E9AF007BE4B7 /* SettingsScreen.storyboard */,
			);
			path = Storyboards;
			sourceTree = "<group>";
		};
		CE72246924E6B36A007BE4B7 /* Components */ = {
			isa = PBXGroup;
			children = (
				CE72247024E6B552007BE4B7 /* TableViewCells */,
				CE72246D24E6B470007BE4B7 /* MyRefreshControl */,
			);
			path = Components;
			sourceTree = "<group>";
		};
		CE72246D24E6B470007BE4B7 /* MyRefreshControl */ = {
			isa = PBXGroup;
			children = (
				CE72246E24E6B4FA007BE4B7 /* CustomRefreshControl.swift */,
			);
			path = MyRefreshControl;
			sourceTree = "<group>";
		};
		CE72247024E6B552007BE4B7 /* TableViewCells */ = {
			isa = PBXGroup;
			children = (
				CE72247124E6B580007BE4B7 /* RepositoryTableViewCell.swift */,
			);
			path = TableViewCells;
			sourceTree = "<group>";
		};
		CE72247524E6B712007BE4B7 /* ViewControllers */ = {
			isa = PBXGroup;
			children = (
				CE72247324E6B6B5007BE4B7 /* RepositoriesListTableViewController.swift */,
				CE6E7DD424E78B9800BF55CD /* RepositoriesListTableViewController+ViewModelDelegate.swift */,
			);
			path = ViewControllers;
			sourceTree = "<group>";
		};
		CE72247824E6BE66007BE4B7 /* ViewDataSource */ = {
			isa = PBXGroup;
			children = (
				CE72247F24E6DA12007BE4B7 /* GenericDataSource.swift */,
				CE72247924E6BEB9007BE4B7 /* RepositoryDataSource.swift */,
			);
			path = ViewDataSource;
			sourceTree = "<group>";
		};
		CE72247B24E6C65A007BE4B7 /* Helpers */ = {
			isa = PBXGroup;
			children = (
				CE72248124E6DE5D007BE4B7 /* Extentions */,
				CE72247C24E6C671007BE4B7 /* Patterns */,
				CE217FDF24E700A1008424F3 /* AppConstants.swift */,
			);
			path = Helpers;
			sourceTree = "<group>";
		};
		CE72247C24E6C671007BE4B7 /* Patterns */ = {
			isa = PBXGroup;
			children = (
				CE72247D24E6C694007BE4B7 /* Observer.swift */,
			);
			path = Patterns;
			sourceTree = "<group>";
		};
		CE72248124E6DE5D007BE4B7 /* Extentions */ = {
			isa = PBXGroup;
			children = (
				CE72248224E6E1BB007BE4B7 /* UITableView+Cells.swift */,
				CE72248424E6E22D007BE4B7 /* UITableViewCell+storyboardID.swift */,
				CE217FD624E6F429008424F3 /* Formatter+ISO8601.swift */,
				CE217FE124E70701008424F3 /* Date+toString.swift */,
				CE6E7DD624E78D8800BF55CD /* UIViewController+ActivityIndicator.swift */,
				CE6E7DDB24EAE79600BF55CD /* UIImageView+URL.swift */,
				CE6E7DDD24EAE97500BF55CD /* UIView+Round.swift */,
				CE6E7DDF24EAEBFE00BF55CD /* Int+DividedByK.swift */,
			);
			path = Extentions;
			sourceTree = "<group>";
		};
/* End PBXGroup section */

/* Begin PBXNativeTarget section */
		CE72242A24E5B859007BE4B7 /* GemographyRepoApp */ = {
			isa = PBXNativeTarget;
			buildConfigurationList = CE72244A24E5B85D007BE4B7 /* Build configuration list for PBXNativeTarget "GemographyRepoApp" */;
			buildPhases = (
				429C56D2515A00A50EB4CD8D /* [CP] Check Pods Manifest.lock */,
				CE72242724E5B859007BE4B7 /* Sources */,
				CE72242824E5B859007BE4B7 /* Frameworks */,
				CE72242924E5B859007BE4B7 /* Resources */,
				ED10DE68452229FA68DB28A4 /* [CP] Embed Pods Frameworks */,
			);
			buildRules = (
			);
			dependencies = (
			);
			name = GemographyRepoApp;
			productName = GemographyRepoApp;
			productReference = CE72242B24E5B859007BE4B7 /* GemographyRepoApp.app */;
			productType = "com.apple.product-type.application";
		};
		CE72244024E5B85D007BE4B7 /* GemographyRepoAppTests */ = {
			isa = PBXNativeTarget;
			buildConfigurationList = CE72244D24E5B85D007BE4B7 /* Build configuration list for PBXNativeTarget "GemographyRepoAppTests" */;
			buildPhases = (
				B6B6ECC4C06AC7CA196C990E /* [CP] Check Pods Manifest.lock */,
				CE72243D24E5B85D007BE4B7 /* Sources */,
				CE72243E24E5B85D007BE4B7 /* Frameworks */,
				CE72243F24E5B85D007BE4B7 /* Resources */,
			);
			buildRules = (
			);
			dependencies = (
				CE72244324E5B85D007BE4B7 /* PBXTargetDependency */,
			);
			name = GemographyRepoAppTests;
			productName = GemographyRepoAppTests;
			productReference = CE72244124E5B85D007BE4B7 /* GemographyRepoAppTests.xctest */;
			productType = "com.apple.product-type.bundle.unit-test";
		};
/* End PBXNativeTarget section */

/* Begin PBXProject section */
		CE72242324E5B859007BE4B7 /* Project object */ = {
			isa = PBXProject;
			attributes = {
				LastSwiftUpdateCheck = 1160;
				LastUpgradeCheck = 1160;
				ORGANIZATIONNAME = "MANSOURI Saad";
				TargetAttributes = {
					CE72242A24E5B859007BE4B7 = {
						CreatedOnToolsVersion = 11.6;
					};
					CE72244024E5B85D007BE4B7 = {
						CreatedOnToolsVersion = 11.6;
						TestTargetID = CE72242A24E5B859007BE4B7;
					};
				};
			};
			buildConfigurationList = CE72242624E5B859007BE4B7 /* Build configuration list for PBXProject "GemographyRepoApp" */;
			compatibilityVersion = "Xcode 9.3";
			developmentRegion = en;
			hasScannedForEncodings = 0;
			knownRegions = (
				en,
				Base,
			);
			mainGroup = CE72242224E5B859007BE4B7;
			productRefGroup = CE72242C24E5B859007BE4B7 /* Products */;
			projectDirPath = "";
			projectRoot = "";
			targets = (
				CE72242A24E5B859007BE4B7 /* GemographyRepoApp */,
				CE72244024E5B85D007BE4B7 /* GemographyRepoAppTests */,
			);
		};
/* End PBXProject section */

/* Begin PBXResourcesBuildPhase section */
		CE72242924E5B859007BE4B7 /* Resources */ = {
			isa = PBXResourcesBuildPhase;
			buildActionMask = 2147483647;
			files = (
				CE72248724E6E9AF007BE4B7 /* SettingsScreen.storyboard in Resources */,
				CE72247724E6B800007BE4B7 /* RepositoryScreens.storyboard in Resources */,
				CE72243B24E5B85D007BE4B7 /* LaunchScreen.storyboard in Resources */,
				CE72243824E5B85D007BE4B7 /* Assets.xcassets in Resources */,
				CE72243624E5B859007BE4B7 /* Main.storyboard in Resources */,
			);
			runOnlyForDeploymentPostprocessing = 0;
		};
		CE72243F24E5B85D007BE4B7 /* Resources */ = {
			isa = PBXResourcesBuildPhase;
			buildActionMask = 2147483647;
			files = (
			);
			runOnlyForDeploymentPostprocessing = 0;
		};
/* End PBXResourcesBuildPhase section */

/* Begin PBXShellScriptBuildPhase section */
		429C56D2515A00A50EB4CD8D /* [CP] Check Pods Manifest.lock */ = {
			isa = PBXShellScriptBuildPhase;
			buildActionMask = 2147483647;
			files = (
			);
			inputFileListPaths = (
			);
			inputPaths = (
				"${PODS_PODFILE_DIR_PATH}/Podfile.lock",
				"${PODS_ROOT}/Manifest.lock",
			);
			name = "[CP] Check Pods Manifest.lock";
			outputFileListPaths = (
			);
			outputPaths = (
				"$(DERIVED_FILE_DIR)/Pods-GemographyRepoApp-checkManifestLockResult.txt",
			);
			runOnlyForDeploymentPostprocessing = 0;
			shellPath = /bin/sh;
			shellScript = "diff \"${PODS_PODFILE_DIR_PATH}/Podfile.lock\" \"${PODS_ROOT}/Manifest.lock\" > /dev/null\nif [ $? != 0 ] ; then\n    # print error to STDERR\n    echo \"error: The sandbox is not in sync with the Podfile.lock. Run 'pod install' or update your CocoaPods installation.\" >&2\n    exit 1\nfi\n# This output is used by Xcode 'outputs' to avoid re-running this script phase.\necho \"SUCCESS\" > \"${SCRIPT_OUTPUT_FILE_0}\"\n";
			showEnvVarsInLog = 0;
		};
		B6B6ECC4C06AC7CA196C990E /* [CP] Check Pods Manifest.lock */ = {
			isa = PBXShellScriptBuildPhase;
			buildActionMask = 2147483647;
			files = (
			);
			inputFileListPaths = (
			);
			inputPaths = (
				"${PODS_PODFILE_DIR_PATH}/Podfile.lock",
				"${PODS_ROOT}/Manifest.lock",
			);
			name = "[CP] Check Pods Manifest.lock";
			outputFileListPaths = (
			);
			outputPaths = (
				"$(DERIVED_FILE_DIR)/Pods-GemographyRepoAppTests-checkManifestLockResult.txt",
			);
			runOnlyForDeploymentPostprocessing = 0;
			shellPath = /bin/sh;
			shellScript = "diff \"${PODS_PODFILE_DIR_PATH}/Podfile.lock\" \"${PODS_ROOT}/Manifest.lock\" > /dev/null\nif [ $? != 0 ] ; then\n    # print error to STDERR\n    echo \"error: The sandbox is not in sync with the Podfile.lock. Run 'pod install' or update your CocoaPods installation.\" >&2\n    exit 1\nfi\n# This output is used by Xcode 'outputs' to avoid re-running this script phase.\necho \"SUCCESS\" > \"${SCRIPT_OUTPUT_FILE_0}\"\n";
			showEnvVarsInLog = 0;
		};
		ED10DE68452229FA68DB28A4 /* [CP] Embed Pods Frameworks */ = {
			isa = PBXShellScriptBuildPhase;
			buildActionMask = 2147483647;
			files = (
			);
			inputFileListPaths = (
				"${PODS_ROOT}/Target Support Files/Pods-GemographyRepoApp/Pods-GemographyRepoApp-frameworks-${CONFIGURATION}-input-files.xcfilelist",
			);
			name = "[CP] Embed Pods Frameworks";
			outputFileListPaths = (
				"${PODS_ROOT}/Target Support Files/Pods-GemographyRepoApp/Pods-GemographyRepoApp-frameworks-${CONFIGURATION}-output-files.xcfilelist",
			);
			runOnlyForDeploymentPostprocessing = 0;
			shellPath = /bin/sh;
			shellScript = "\"${PODS_ROOT}/Target Support Files/Pods-GemographyRepoApp/Pods-GemographyRepoApp-frameworks.sh\"\n";
			showEnvVarsInLog = 0;
		};
/* End PBXShellScriptBuildPhase section */

/* Begin PBXSourcesBuildPhase section */
		CE72242724E5B859007BE4B7 /* Sources */ = {
			isa = PBXSourcesBuildPhase;
			buildActionMask = 2147483647;
			files = (
				CE217FE024E700A1008424F3 /* AppConstants.swift in Sources */,
				CE6E7DDA24EAA01C00BF55CD /* RepositoryService.swift in Sources */,
				CE72247224E6B580007BE4B7 /* RepositoryTableViewCell.swift in Sources */,
				CE72247E24E6C694007BE4B7 /* Observer.swift in Sources */,
				CE72248024E6DA12007BE4B7 /* GenericDataSource.swift in Sources */,
				CE72246F24E6B4FB007BE4B7 /* CustomRefreshControl.swift in Sources */,
				CE217FE224E70701008424F3 /* Date+toString.swift in Sources */,
				CE217FE924E77F32008424F3 /* RepositoriesListViewModel.swift in Sources */,
				CE217FD724E6F429008424F3 /* Formatter+ISO8601.swift in Sources */,
				CE72248324E6E1BB007BE4B7 /* UITableView+Cells.swift in Sources */,
				CE217FEB24E7870D008424F3 /* ViewModelable.swift in Sources */,
				CE6E7DD524E78B9800BF55CD /* RepositoriesListTableViewController+ViewModelDelegate.swift in Sources */,
				CE72242F24E5B859007BE4B7 /* AppDelegate.swift in Sources */,
				CE72243124E5B859007BE4B7 /* SceneDelegate.swift in Sources */,
				CE217FDC24E6FC55008424F3 /* HTTPRoutable.swift in Sources */,
				CE217FDE24E6FEAA008424F3 /* RepositoryRouter.swift in Sources */,
				CE72247424E6B6B5007BE4B7 /* RepositoriesListTableViewController.swift in Sources */,
				CE217FED24E7878D008424F3 /* ViewModelDelegate.swift in Sources */,
				CE217FD924E6FA6F008424F3 /* NetworkManagerInjector.swift in Sources */,
				CE72248524E6E22D007BE4B7 /* UITableViewCell+storyboardID.swift in Sources */,
				CE6E7DD724E78D8800BF55CD /* UIViewController+ActivityIndicator.swift in Sources */,
				CE217FD524E6F16D008424F3 /* NetworkManager.swift in Sources */,
				CE6E7DE224EAF8DF00BF55CD /* APIError.swift in Sources */,
				CE6E7DDC24EAE79600BF55CD /* UIImageView+URL.swift in Sources */,
				CE72245D24E5F2E1007BE4B7 /* Owner.swift in Sources */,
				CE6E7DDE24EAE97500BF55CD /* UIView+Round.swift in Sources */,
				CE72247A24E6BEB9007BE4B7 /* RepositoryDataSource.swift in Sources */,
				CE6E7DE024EAEBFE00BF55CD /* Int+DividedByK.swift in Sources */,
				CE72245C24E5F2E1007BE4B7 /* Repository.swift in Sources */,
			);
			runOnlyForDeploymentPostprocessing = 0;
		};
		CE72243D24E5B85D007BE4B7 /* Sources */ = {
			isa = PBXSourcesBuildPhase;
			buildActionMask = 2147483647;
			files = (
				CE72244624E5B85D007BE4B7 /* GemographyRepoAppTests.swift in Sources */,
			);
			runOnlyForDeploymentPostprocessing = 0;
		};
/* End PBXSourcesBuildPhase section */

/* Begin PBXTargetDependency section */
		CE72244324E5B85D007BE4B7 /* PBXTargetDependency */ = {
			isa = PBXTargetDependency;
			target = CE72242A24E5B859007BE4B7 /* GemographyRepoApp */;
			targetProxy = CE72244224E5B85D007BE4B7 /* PBXContainerItemProxy */;
		};
/* End PBXTargetDependency section */

/* Begin PBXVariantGroup section */
		CE72243424E5B859007BE4B7 /* Main.storyboard */ = {
			isa = PBXVariantGroup;
			children = (
				CE72243524E5B859007BE4B7 /* Base */,
			);
			name = Main.storyboard;
			sourceTree = "<group>";
		};
		CE72243924E5B85D007BE4B7 /* LaunchScreen.storyboard */ = {
			isa = PBXVariantGroup;
			children = (
				CE72243A24E5B85D007BE4B7 /* Base */,
			);
			name = LaunchScreen.storyboard;
			sourceTree = "<group>";
		};
/* End PBXVariantGroup section */

/* Begin XCBuildConfiguration section */
		CE72244824E5B85D007BE4B7 /* Debug */ = {
			isa = XCBuildConfiguration;
			buildSettings = {
				ALWAYS_SEARCH_USER_PATHS = NO;
				CLANG_ANALYZER_NONNULL = YES;
				CLANG_ANALYZER_NUMBER_OBJECT_CONVERSION = YES_AGGRESSIVE;
				CLANG_CXX_LANGUAGE_STANDARD = "gnu++14";
				CLANG_CXX_LIBRARY = "libc++";
				CLANG_ENABLE_MODULES = YES;
				CLANG_ENABLE_OBJC_ARC = YES;
				CLANG_ENABLE_OBJC_WEAK = YES;
				CLANG_WARN_BLOCK_CAPTURE_AUTORELEASING = YES;
				CLANG_WARN_BOOL_CONVERSION = YES;
				CLANG_WARN_COMMA = YES;
				CLANG_WARN_CONSTANT_CONVERSION = YES;
				CLANG_WARN_DEPRECATED_OBJC_IMPLEMENTATIONS = YES;
				CLANG_WARN_DIRECT_OBJC_ISA_USAGE = YES_ERROR;
				CLANG_WARN_DOCUMENTATION_COMMENTS = YES;
				CLANG_WARN_EMPTY_BODY = YES;
				CLANG_WARN_ENUM_CONVERSION = YES;
				CLANG_WARN_INFINITE_RECURSION = YES;
				CLANG_WARN_INT_CONVERSION = YES;
				CLANG_WARN_NON_LITERAL_NULL_CONVERSION = YES;
				CLANG_WARN_OBJC_IMPLICIT_RETAIN_SELF = YES;
				CLANG_WARN_OBJC_LITERAL_CONVERSION = YES;
				CLANG_WARN_OBJC_ROOT_CLASS = YES_ERROR;
				CLANG_WARN_RANGE_LOOP_ANALYSIS = YES;
				CLANG_WARN_STRICT_PROTOTYPES = YES;
				CLANG_WARN_SUSPICIOUS_MOVE = YES;
				CLANG_WARN_UNGUARDED_AVAILABILITY = YES_AGGRESSIVE;
				CLANG_WARN_UNREACHABLE_CODE = YES;
				CLANG_WARN__DUPLICATE_METHOD_MATCH = YES;
				COPY_PHASE_STRIP = NO;
				DEBUG_INFORMATION_FORMAT = dwarf;
				ENABLE_STRICT_OBJC_MSGSEND = YES;
				ENABLE_TESTABILITY = YES;
				GCC_C_LANGUAGE_STANDARD = gnu11;
				GCC_DYNAMIC_NO_PIC = NO;
				GCC_NO_COMMON_BLOCKS = YES;
				GCC_OPTIMIZATION_LEVEL = 0;
				GCC_PREPROCESSOR_DEFINITIONS = (
					"DEBUG=1",
					"$(inherited)",
				);
				GCC_WARN_64_TO_32_BIT_CONVERSION = YES;
				GCC_WARN_ABOUT_RETURN_TYPE = YES_ERROR;
				GCC_WARN_UNDECLARED_SELECTOR = YES;
				GCC_WARN_UNINITIALIZED_AUTOS = YES_AGGRESSIVE;
				GCC_WARN_UNUSED_FUNCTION = YES;
				GCC_WARN_UNUSED_VARIABLE = YES;
				IPHONEOS_DEPLOYMENT_TARGET = 13.6;
				MTL_ENABLE_DEBUG_INFO = INCLUDE_SOURCE;
				MTL_FAST_MATH = YES;
				ONLY_ACTIVE_ARCH = YES;
				SDKROOT = iphoneos;
				SWIFT_ACTIVE_COMPILATION_CONDITIONS = DEBUG;
				SWIFT_OPTIMIZATION_LEVEL = "-Onone";
			};
			name = Debug;
		};
		CE72244924E5B85D007BE4B7 /* Release */ = {
			isa = XCBuildConfiguration;
			buildSettings = {
				ALWAYS_SEARCH_USER_PATHS = NO;
				CLANG_ANALYZER_NONNULL = YES;
				CLANG_ANALYZER_NUMBER_OBJECT_CONVERSION = YES_AGGRESSIVE;
				CLANG_CXX_LANGUAGE_STANDARD = "gnu++14";
				CLANG_CXX_LIBRARY = "libc++";
				CLANG_ENABLE_MODULES = YES;
				CLANG_ENABLE_OBJC_ARC = YES;
				CLANG_ENABLE_OBJC_WEAK = YES;
				CLANG_WARN_BLOCK_CAPTURE_AUTORELEASING = YES;
				CLANG_WARN_BOOL_CONVERSION = YES;
				CLANG_WARN_COMMA = YES;
				CLANG_WARN_CONSTANT_CONVERSION = YES;
				CLANG_WARN_DEPRECATED_OBJC_IMPLEMENTATIONS = YES;
				CLANG_WARN_DIRECT_OBJC_ISA_USAGE = YES_ERROR;
				CLANG_WARN_DOCUMENTATION_COMMENTS = YES;
				CLANG_WARN_EMPTY_BODY = YES;
				CLANG_WARN_ENUM_CONVERSION = YES;
				CLANG_WARN_INFINITE_RECURSION = YES;
				CLANG_WARN_INT_CONVERSION = YES;
				CLANG_WARN_NON_LITERAL_NULL_CONVERSION = YES;
				CLANG_WARN_OBJC_IMPLICIT_RETAIN_SELF = YES;
				CLANG_WARN_OBJC_LITERAL_CONVERSION = YES;
				CLANG_WARN_OBJC_ROOT_CLASS = YES_ERROR;
				CLANG_WARN_RANGE_LOOP_ANALYSIS = YES;
				CLANG_WARN_STRICT_PROTOTYPES = YES;
				CLANG_WARN_SUSPICIOUS_MOVE = YES;
				CLANG_WARN_UNGUARDED_AVAILABILITY = YES_AGGRESSIVE;
				CLANG_WARN_UNREACHABLE_CODE = YES;
				CLANG_WARN__DUPLICATE_METHOD_MATCH = YES;
				COPY_PHASE_STRIP = NO;
				DEBUG_INFORMATION_FORMAT = "dwarf-with-dsym";
				ENABLE_NS_ASSERTIONS = NO;
				ENABLE_STRICT_OBJC_MSGSEND = YES;
				GCC_C_LANGUAGE_STANDARD = gnu11;
				GCC_NO_COMMON_BLOCKS = YES;
				GCC_WARN_64_TO_32_BIT_CONVERSION = YES;
				GCC_WARN_ABOUT_RETURN_TYPE = YES_ERROR;
				GCC_WARN_UNDECLARED_SELECTOR = YES;
				GCC_WARN_UNINITIALIZED_AUTOS = YES_AGGRESSIVE;
				GCC_WARN_UNUSED_FUNCTION = YES;
				GCC_WARN_UNUSED_VARIABLE = YES;
				IPHONEOS_DEPLOYMENT_TARGET = 13.6;
				MTL_ENABLE_DEBUG_INFO = NO;
				MTL_FAST_MATH = YES;
				SDKROOT = iphoneos;
				SWIFT_COMPILATION_MODE = wholemodule;
				SWIFT_OPTIMIZATION_LEVEL = "-O";
				VALIDATE_PRODUCT = YES;
			};
			name = Release;
		};
		CE72244B24E5B85D007BE4B7 /* Debug */ = {
			isa = XCBuildConfiguration;
			baseConfigurationReference = 3DEA5453B2CF95FF35A7F299 /* Pods-GemographyRepoApp.debug.xcconfig */;
			buildSettings = {
				ASSETCATALOG_COMPILER_APPICON_NAME = AppIcon;
				CODE_SIGN_STYLE = Automatic;
				DEVELOPMENT_TEAM = 522K6F29P6;
				INFOPLIST_FILE = GemographyRepoApp/Info.plist;
				LD_RUNPATH_SEARCH_PATHS = (
					"$(inherited)",
					"@executable_path/Frameworks",
				);
				PRODUCT_BUNDLE_IDENTIFIER = "saad.gemography-mobile-coding-challenge.GemographyRepoApp";
				PRODUCT_NAME = "$(TARGET_NAME)";
				SWIFT_VERSION = 5.0;
				TARGETED_DEVICE_FAMILY = "1,2";
			};
			name = Debug;
		};
		CE72244C24E5B85D007BE4B7 /* Release */ = {
			isa = XCBuildConfiguration;
			baseConfigurationReference = D21D43162AE7B17FE62B261F /* Pods-GemographyRepoApp.release.xcconfig */;
			buildSettings = {
				ASSETCATALOG_COMPILER_APPICON_NAME = AppIcon;
				CODE_SIGN_STYLE = Automatic;
				DEVELOPMENT_TEAM = 522K6F29P6;
				INFOPLIST_FILE = GemographyRepoApp/Info.plist;
				LD_RUNPATH_SEARCH_PATHS = (
					"$(inherited)",
					"@executable_path/Frameworks",
				);
				PRODUCT_BUNDLE_IDENTIFIER = "saad.gemography-mobile-coding-challenge.GemographyRepoApp";
				PRODUCT_NAME = "$(TARGET_NAME)";
				SWIFT_VERSION = 5.0;
				TARGETED_DEVICE_FAMILY = "1,2";
			};
			name = Release;
		};
		CE72244E24E5B85D007BE4B7 /* Debug */ = {
			isa = XCBuildConfiguration;
			baseConfigurationReference = C980DF56334D3082E8523274 /* Pods-GemographyRepoAppTests.debug.xcconfig */;
			buildSettings = {
				ALWAYS_EMBED_SWIFT_STANDARD_LIBRARIES = YES;
				BUNDLE_LOADER = "$(TEST_HOST)";
				CODE_SIGN_STYLE = Automatic;
				DEVELOPMENT_TEAM = 522K6F29P6;
				INFOPLIST_FILE = GemographyRepoAppTests/Info.plist;
				IPHONEOS_DEPLOYMENT_TARGET = 13.6;
				LD_RUNPATH_SEARCH_PATHS = (
					"$(inherited)",
					"@executable_path/Frameworks",
					"@loader_path/Frameworks",
				);
				PRODUCT_BUNDLE_IDENTIFIER = "saad.gemography-mobile-coding-challenge.GemographyRepoAppTests";
				PRODUCT_NAME = "$(TARGET_NAME)";
				SWIFT_VERSION = 5.0;
				TARGETED_DEVICE_FAMILY = "1,2";
				TEST_HOST = "$(BUILT_PRODUCTS_DIR)/GemographyRepoApp.app/GemographyRepoApp";
			};
			name = Debug;
		};
		CE72244F24E5B85D007BE4B7 /* Release */ = {
			isa = XCBuildConfiguration;
			baseConfigurationReference = D21E80423D3DDD4822F4E926 /* Pods-GemographyRepoAppTests.release.xcconfig */;
			buildSettings = {
				ALWAYS_EMBED_SWIFT_STANDARD_LIBRARIES = YES;
				BUNDLE_LOADER = "$(TEST_HOST)";
				CODE_SIGN_STYLE = Automatic;
				DEVELOPMENT_TEAM = 522K6F29P6;
				INFOPLIST_FILE = GemographyRepoAppTests/Info.plist;
				IPHONEOS_DEPLOYMENT_TARGET = 13.6;
				LD_RUNPATH_SEARCH_PATHS = (
					"$(inherited)",
					"@executable_path/Frameworks",
					"@loader_path/Frameworks",
				);
				PRODUCT_BUNDLE_IDENTIFIER = "saad.gemography-mobile-coding-challenge.GemographyRepoAppTests";
				PRODUCT_NAME = "$(TARGET_NAME)";
				SWIFT_VERSION = 5.0;
				TARGETED_DEVICE_FAMILY = "1,2";
				TEST_HOST = "$(BUILT_PRODUCTS_DIR)/GemographyRepoApp.app/GemographyRepoApp";
			};
			name = Release;
		};
/* End XCBuildConfiguration section */

/* Begin XCConfigurationList section */
		CE72242624E5B859007BE4B7 /* Build configuration list for PBXProject "GemographyRepoApp" */ = {
			isa = XCConfigurationList;
			buildConfigurations = (
				CE72244824E5B85D007BE4B7 /* Debug */,
				CE72244924E5B85D007BE4B7 /* Release */,
			);
			defaultConfigurationIsVisible = 0;
			defaultConfigurationName = Release;
		};
		CE72244A24E5B85D007BE4B7 /* Build configuration list for PBXNativeTarget "GemographyRepoApp" */ = {
			isa = XCConfigurationList;
			buildConfigurations = (
				CE72244B24E5B85D007BE4B7 /* Debug */,
				CE72244C24E5B85D007BE4B7 /* Release */,
			);
			defaultConfigurationIsVisible = 0;
			defaultConfigurationName = Release;
		};
		CE72244D24E5B85D007BE4B7 /* Build configuration list for PBXNativeTarget "GemographyRepoAppTests" */ = {
			isa = XCConfigurationList;
			buildConfigurations = (
				CE72244E24E5B85D007BE4B7 /* Debug */,
				CE72244F24E5B85D007BE4B7 /* Release */,
			);
			defaultConfigurationIsVisible = 0;
			defaultConfigurationName = Release;
		};
/* End XCConfigurationList section */
	};
	rootObject = CE72242324E5B859007BE4B7 /* Project object */;
}
